
Microsoft Visual Studio Solution File, Format Version 12.00
# Visual Studio 14
VisualStudioVersion = 14.0.23107.0
MinimumVisualStudioVersion = 10.0.40219.1
Project("{FAE04EC0-301F-11D3-BF4B-00C04F79EFBC}") = "ExcelBridgeCli", "ExcelBridgeCli\ExcelBridgeCli.csproj", "{B80D3190-BB7E-4E3C-B49A-4487F5AB2CEE}"
EndProject
Project("{FAE04EC0-301F-11D3-BF4B-00C04F79EFBC}") = "ExcelBridgeApi", "ExcelBridgeApi\ExcelBridgeApi.csproj", "{73A8667B-E7DC-47CA-994C-B0B5AABEACB8}"
EndProject
Project("{FAE04EC0-301F-11D3-BF4B-00C04F79EFBC}") = "ExcelBridgeTestUnit", "ExcelBridgeTestUnit\ExcelBridgeTestUnit.csproj", "{C2FAFE32-FC67-44F7-9D75-06BC81FE4009}"
EndProject
Global
	GlobalSection(SolutionConfigurationPlatforms) = preSolution
		Debug|Any CPU = Debug|Any CPU
		Release|Any CPU = Release|Any CPU
	EndGlobalSection
	GlobalSection(ProjectConfigurationPlatforms) = postSolution
		{B80D3190-BB7E-4E3C-B49A-4487F5AB2CEE}.Debug|Any CPU.ActiveCfg = Debug|Any CPU
		{B80D3190-BB7E-4E3C-B49A-4487F5AB2CEE}.Debug|Any CPU.Build.0 = Debug|Any CPU
		{B80D3190-BB7E-4E3C-B49A-4487F5AB2CEE}.Release|Any CPU.ActiveCfg = Release|Any CPU
		{B80D3190-BB7E-4E3C-B49A-4487F5AB2CEE}.Release|Any CPU.Build.0 = Release|Any CPU
		{73A8667B-E7DC-47CA-994C-B0B5AABEACB8}.Debug|Any CPU.ActiveCfg = Debug|Any CPU
		{73A8667B-E7DC-47CA-994C-B0B5AABEACB8}.Debug|Any CPU.Build.0 = Debug|Any CPU
		{73A8667B-E7DC-47CA-994C-B0B5AABEACB8}.Release|Any CPU.ActiveCfg = Release|Any CPU
		{73A8667B-E7DC-47CA-994C-B0B5AABEACB8}.Release|Any CPU.Build.0 = Release|Any CPU
		{C2FAFE32-FC67-44F7-9D75-06BC81FE4009}.Debug|Any CPU.ActiveCfg = Debug|Any CPU
		{C2FAFE32-FC67-44F7-9D75-06BC81FE4009}.Debug|Any CPU.Build.0 = Debug|Any CPU
		{C2FAFE32-FC67-44F7-9D75-06BC81FE4009}.Release|Any CPU.ActiveCfg = Release|Any CPU
		{C2FAFE32-FC67-44F7-9D75-06BC81FE4009}.Release|Any CPU.Build.0 = Release|Any CPU
	EndGlobalSection
	GlobalSection(SolutionProperties) = preSolution
		HideSolutionNode = FALSE
	EndGlobalSection
EndGlobal
